// !$*UTF8*$!
{
	archiveVersion = 1;
	classes = {
	};
	objectVersion = 50;
	objects = {

/* Begin PBXBuildFile section */
		28D493F42347245D00CC7E75 /* AppDelegate.swift in Sources */ = {isa = PBXBuildFile; fileRef = 28D493F32347245D00CC7E75 /* AppDelegate.swift */; };
		28D493F62347245E00CC7E75 /* SceneDelegate.swift in Sources */ = {isa = PBXBuildFile; fileRef = 28D493F52347245E00CC7E75 /* SceneDelegate.swift */; };
		28D493F82347245E00CC7E75 /* ViewController.swift in Sources */ = {isa = PBXBuildFile; fileRef = 28D493F72347245E00CC7E75 /* ViewController.swift */; };
		28D493FB2347245E00CC7E75 /* Main.storyboard in Resources */ = {isa = PBXBuildFile; fileRef = 28D493F92347245E00CC7E75 /* Main.storyboard */; };
		28D493FD2347245F00CC7E75 /* Assets.xcassets in Resources */ = {isa = PBXBuildFile; fileRef = 28D493FC2347245F00CC7E75 /* Assets.xcassets */; };
		28D494002347245F00CC7E75 /* LaunchScreen.storyboard in Resources */ = {isa = PBXBuildFile; fileRef = 28D493FE2347245F00CC7E75 /* LaunchScreen.storyboard */; };
		28D4940B2347245F00CC7E75 /* tippyTests.swift in Sources */ = {isa = PBXBuildFile; fileRef = 28D4940A2347245F00CC7E75 /* tippyTests.swift */; };
		28D494162347246000CC7E75 /* tippyUITests.swift in Sources */ = {isa = PBXBuildFile; fileRef = 28D494152347246000CC7E75 /* tippyUITests.swift */; };
/* End PBXBuildFile section */

/* Begin PBXContainerItemProxy section */
		28D494072347245F00CC7E75 /* PBXContainerItemProxy */ = {
			isa = PBXContainerItemProxy;
			containerPortal = 28D493E82347245D00CC7E75 /* Project object */;
			proxyType = 1;
			remoteGlobalIDString = 28D493EF2347245D00CC7E75;
			remoteInfo = tippy;
		};
		28D494122347246000CC7E75 /* PBXContainerItemProxy */ = {
			isa = PBXContainerItemProxy;
			containerPortal = 28D493E82347245D00CC7E75 /* Project object */;
			proxyType = 1;
			remoteGlobalIDString = 28D493EF2347245D00CC7E75;
			remoteInfo = tippy;
		};
/* End PBXContainerItemProxy section */

/* Begin PBXFileReference section */
		28D493F02347245D00CC7E75 /* Tip Calculator.app */ = {isa = PBXFileReference; explicitFileType = wrapper.application; includeInIndex = 0; path = "Tip Calculator.app"; sourceTree = BUILT_PRODUCTS_DIR; };
		28D493F32347245D00CC7E75 /* AppDelegate.swift */ = {isa = PBXFileReference; lastKnownFileType = sourcecode.swift; path = AppDelegate.swift; sourceTree = "<group>"; };
		28D493F52347245E00CC7E75 /* SceneDelegate.swift */ = {isa = PBXFileReference; lastKnownFileType = sourcecode.swift; path = SceneDelegate.swift; sourceTree = "<group>"; };
		28D493F72347245E00CC7E75 /* ViewController.swift */ = {isa = PBXFileReference; lastKnownFileType = sourcecode.swift; path = ViewController.swift; sourceTree = "<group>"; };
		28D493FA2347245E00CC7E75 /* Base */ = {isa = PBXFileReference; lastKnownFileType = file.storyboard; name = Base; path = Base.lproj/Main.storyboard; sourceTree = "<group>"; };
		28D493FC2347245F00CC7E75 /* Assets.xcassets */ = {isa = PBXFileReference; lastKnownFileType = folder.assetcatalog; path = Assets.xcassets; sourceTree = "<group>"; };
		28D493FF2347245F00CC7E75 /* Base */ = {isa = PBXFileReference; lastKnownFileType = file.storyboard; name = Base; path = Base.lproj/LaunchScreen.storyboard; sourceTree = "<group>"; };
		28D494012347245F00CC7E75 /* Info.plist */ = {isa = PBXFileReference; lastKnownFileType = text.plist.xml; path = Info.plist; sourceTree = "<group>"; };
		28D494062347245F00CC7E75 /* tippyTests.xctest */ = {isa = PBXFileReference; explicitFileType = wrapper.cfbundle; includeInIndex = 0; path = tippyTests.xctest; sourceTree = BUILT_PRODUCTS_DIR; };
		28D4940A2347245F00CC7E75 /* tippyTests.swift */ = {isa = PBXFileReference; lastKnownFileType = sourcecode.swift; path = tippyTests.swift; sourceTree = "<group>"; };
		28D4940C2347246000CC7E75 /* Info.plist */ = {isa = PBXFileReference; lastKnownFileType = text.plist.xml; path = Info.plist; sourceTree = "<group>"; };
		28D494112347246000CC7E75 /* tippyUITests.xctest */ = {isa = PBXFileReference; explicitFileType = wrapper.cfbundle; includeInIndex = 0; path = tippyUITests.xctest; sourceTree = BUILT_PRODUCTS_DIR; };
		28D494152347246000CC7E75 /* tippyUITests.swift */ = {isa = PBXFileReference; lastKnownFileType = sourcecode.swift; path = tippyUITests.swift; sourceTree = "<group>"; };
		28D494172347246000CC7E75 /* Info.plist */ = {isa = PBXFileReference; lastKnownFileType = text.plist.xml; path = Info.plist; sourceTree = "<group>"; };
/* End PBXFileReference section */

/* Begin PBXFrameworksBuildPhase section */
		28D493ED2347245D00CC7E75 /* Frameworks */ = {
			isa = PBXFrameworksBuildPhase;
			buildActionMask = 2147483647;
			files = (
			);
			runOnlyForDeploymentPostprocessing = 0;
		};
		28D494032347245F00CC7E75 /* Frameworks */ = {
			isa = PBXFrameworksBuildPhase;
			buildActionMask = 2147483647;
			files = (
			);
			runOnlyForDeploymentPostprocessing = 0;
		};
		28D4940E2347246000CC7E75 /* Frameworks */ = {
			isa = PBXFrameworksBuildPhase;
			buildActionMask = 2147483647;
			files = (
			);
			runOnlyForDeploymentPostprocessing = 0;
		};
/* End PBXFrameworksBuildPhase section */

/* Begin PBXGroup section */
		28D493E72347245D00CC7E75 = {
			isa = PBXGroup;
			children = (
				28D493F22347245D00CC7E75 /* tippy */,
				28D494092347245F00CC7E75 /* tippyTests */,
				28D494142347246000CC7E75 /* tippyUITests */,
				28D493F12347245D00CC7E75 /* Products */,
			);
			sourceTree = "<group>";
		};
		28D493F12347245D00CC7E75 /* Products */ = {
			isa = PBXGroup;
			children = (
				28D493F02347245D00CC7E75 /* Tip Calculator.app */,
				28D494062347245F00CC7E75 /* tippyTests.xctest */,
				28D494112347246000CC7E75 /* tippyUITests.xctest */,
			);
			name = Products;
			sourceTree = "<group>";
		};
		28D493F22347245D00CC7E75 /* tippy */ = {
			isa = PBXGroup;
			children = (
				28D493F32347245D00CC7E75 /* AppDelegate.swift */,
				28D493F52347245E00CC7E75 /* SceneDelegate.swift */,
				28D493F72347245E00CC7E75 /* ViewController.swift */,
				28D493F92347245E00CC7E75 /* Main.storyboard */,
				28D493FC2347245F00CC7E75 /* Assets.xcassets */,
				28D493FE2347245F00CC7E75 /* LaunchScreen.storyboard */,
				28D494012347245F00CC7E75 /* Info.plist */,
			);
			path = tippy;
			sourceTree = "<group>";
		};
		28D494092347245F00CC7E75 /* tippyTests */ = {
			isa = PBXGroup;
			children = (
				28D4940A2347245F00CC7E75 /* tippyTests.swift */,
				28D4940C2347246000CC7E75 /* Info.plist */,
			);
			path = tippyTests;
			sourceTree = "<group>";
		};
		28D494142347246000CC7E75 /* tippyUITests */ = {
			isa = PBXGroup;
			children = (
				28D494152347246000CC7E75 /* tippyUITests.swift */,
				28D494172347246000CC7E75 /* Info.plist */,
			);
			path = tippyUITests;
			sourceTree = "<group>";
		};
/* End PBXGroup section */

/* Begin PBXNativeTarget section */
		28D493EF2347245D00CC7E75 /* tippy */ = {
			isa = PBXNativeTarget;
			buildConfigurationList = 28D4941A2347246000CC7E75 /* Build configuration list for PBXNativeTarget "tippy" */;
			buildPhases = (
				28D493EC2347245D00CC7E75 /* Sources */,
				28D493ED2347245D00CC7E75 /* Frameworks */,
				28D493EE2347245D00CC7E75 /* Resources */,
			);
			buildRules = (
			);
			dependencies = (
			);
			name = tippy;
			productName = tippy;
			productReference = 28D493F02347245D00CC7E75 /* Tip Calculator.app */;
			productType = "com.apple.product-type.application";
		};
		28D494052347245F00CC7E75 /* tippyTests */ = {
			isa = PBXNativeTarget;
			buildConfigurationList = 28D4941D2347246000CC7E75 /* Build configuration list for PBXNativeTarget "tippyTests" */;
			buildPhases = (
				28D494022347245F00CC7E75 /* Sources */,
				28D494032347245F00CC7E75 /* Frameworks */,
				28D494042347245F00CC7E75 /* Resources */,
			);
			buildRules = (
			);
			dependencies = (
				28D494082347245F00CC7E75 /* PBXTargetDependency */,
			);
			name = tippyTests;
			productName = tippyTests;
			productReference = 28D494062347245F00CC7E75 /* tippyTests.xctest */;
			productType = "com.apple.product-type.bundle.unit-test";
		};
		28D494102347246000CC7E75 /* tippyUITests */ = {
			isa = PBXNativeTarget;
			buildConfigurationList = 28D494202347246000CC7E75 /* Build configuration list for PBXNativeTarget "tippyUITests" */;
			buildPhases = (
				28D4940D2347246000CC7E75 /* Sources */,
				28D4940E2347246000CC7E75 /* Frameworks */,
				28D4940F2347246000CC7E75 /* Resources */,
			);
			buildRules = (
			);
			dependencies = (
				28D494132347246000CC7E75 /* PBXTargetDependency */,
			);
			name = tippyUITests;
			productName = tippyUITests;
			productReference = 28D494112347246000CC7E75 /* tippyUITests.xctest */;
			productType = "com.apple.product-type.bundle.ui-testing";
		};
/* End PBXNativeTarget section */

/* Begin PBXProject section */
		28D493E82347245D00CC7E75 /* Project object */ = {
			isa = PBXProject;
			attributes = {
				LastSwiftUpdateCheck = 1100;
				LastUpgradeCheck = 1100;
				ORGANIZATIONNAME = KimlyT.;
				TargetAttributes = {
					28D493EF2347245D00CC7E75 = {
						CreatedOnToolsVersion = 11.0;
					};
					28D494052347245F00CC7E75 = {
						CreatedOnToolsVersion = 11.0;
						TestTargetID = 28D493EF2347245D00CC7E75;
					};
					28D494102347246000CC7E75 = {
						CreatedOnToolsVersion = 11.0;
						TestTargetID = 28D493EF2347245D00CC7E75;
					};
				};
			};
			buildConfigurationList = 28D493EB2347245D00CC7E75 /* Build configuration list for PBXProject "tippy" */;
			compatibilityVersion = "Xcode 9.3";
			developmentRegion = en;
			hasScannedForEncodings = 0;
			knownRegions = (
				en,
				Base,
			);
			mainGroup = 28D493E72347245D00CC7E75;
			productRefGroup = 28D493F12347245D00CC7E75 /* Products */;
			projectDirPath = "";
			projectRoot = "";
			targets = (
				28D493EF2347245D00CC7E75 /* tippy */,
				28D494052347245F00CC7E75 /* tippyTests */,
				28D494102347246000CC7E75 /* tippyUITests */,
			);
		};
/* End PBXProject section */

/* Begin PBXResourcesBuildPhase section */
		28D493EE2347245D00CC7E75 /* Resources */ = {
			isa = PBXResourcesBuildPhase;
			buildActionMask = 2147483647;
			files = (
				28D494002347245F00CC7E75 /* LaunchScreen.storyboard in Resources */,
				28D493FD2347245F00CC7E75 /* Assets.xcassets in Resources */,
				28D493FB2347245E00CC7E75 /* Main.storyboard in Resources */,
			);
			runOnlyForDeploymentPostprocessing = 0;
		};
		28D494042347245F00CC7E75 /* Resources */ = {
			isa = PBXResourcesBuildPhase;
			buildActionMask = 2147483647;
			files = (
			);
			runOnlyForDeploymentPostprocessing = 0;
		};
		28D4940F2347246000CC7E75 /* Resources */ = {
			isa = PBXResourcesBuildPhase;
			buildActionMask = 2147483647;
			files = (
			);
			runOnlyForDeploymentPostprocessing = 0;
		};
/* End PBXResourcesBuildPhase section */

/* Begin PBXSourcesBuildPhase section */
		28D493EC2347245D00CC7E75 /* Sources */ = {
			isa = PBXSourcesBuildPhase;
			buildActionMask = 2147483647;
			files = (
				28D493F82347245E00CC7E75 /* ViewController.swift in Sources */,
				28D493F42347245D00CC7E75 /* AppDelegate.swift in Sources */,
				28D493F62347245E00CC7E75 /* SceneDelegate.swift in Sources */,
			);
			runOnlyForDeploymentPostprocessing = 0;
		};
		28D494022347245F00CC7E75 /* Sources */ = {
			isa = PBXSourcesBuildPhase;
			buildActionMask = 2147483647;
			files = (
				28D4940B2347245F00CC7E75 /* tippyTests.swift in Sources */,
			);
			runOnlyForDeploymentPostprocessing = 0;
		};
		28D4940D2347246000CC7E75 /* Sources */ = {
			isa = PBXSourcesBuildPhase;
			buildActionMask = 2147483647;
			files = (
				28D494162347246000CC7E75 /* tippyUITests.swift in Sources */,
			);
			runOnlyForDeploymentPostprocessing = 0;
		};
/* End PBXSourcesBuildPhase section */

/* Begin PBXTargetDependency section */
		28D494082347245F00CC7E75 /* PBXTargetDependency */ = {
			isa = PBXTargetDependency;
			target = 28D493EF2347245D00CC7E75 /* tippy */;
			targetProxy = 28D494072347245F00CC7E75 /* PBXContainerItemProxy */;
		};
		28D494132347246000CC7E75 /* PBXTargetDependency */ = {
			isa = PBXTargetDependency;
			target = 28D493EF2347245D00CC7E75 /* tippy */;
			targetProxy = 28D494122347246000CC7E75 /* PBXContainerItemProxy */;
		};
/* End PBXTargetDependency section */

/* Begin PBXVariantGroup section */
		28D493F92347245E00CC7E75 /* Main.storyboard */ = {
			isa = PBXVariantGroup;
			children = (
				28D493FA2347245E00CC7E75 /* Base */,
			);
			name = Main.storyboard;
			sourceTree = "<group>";
		};
		28D493FE2347245F00CC7E75 /* LaunchScreen.storyboard */ = {
			isa = PBXVariantGroup;
			children = (
				28D493FF2347245F00CC7E75 /* Base */,
			);
			name = LaunchScreen.storyboard;
			sourceTree = "<group>";
		};
/* End PBXVariantGroup section */

/* Begin XCBuildConfiguration section */
		28D494182347246000CC7E75 /* Debug */ = {
			isa = XCBuildConfiguration;
			buildSettings = {
				ALWAYS_SEARCH_USER_PATHS = NO;
				CLANG_ANALYZER_NONNULL = YES;
				CLANG_ANALYZER_NUMBER_OBJECT_CONVERSION = YES_AGGRESSIVE;
				CLANG_CXX_LANGUAGE_STANDARD = "gnu++14";
				CLANG_CXX_LIBRARY = "libc++";
				CLANG_ENABLE_MODULES = YES;
				CLANG_ENABLE_OBJC_ARC = YES;
				CLANG_ENABLE_OBJC_WEAK = YES;
				CLANG_WARN_BLOCK_CAPTURE_AUTORELEASING = YES;
				CLANG_WARN_BOOL_CONVERSION = YES;
				CLANG_WARN_COMMA = YES;
				CLANG_WARN_CONSTANT_CONVERSION = YES;
				CLANG_WARN_DEPRECATED_OBJC_IMPLEMENTATIONS = YES;
				CLANG_WARN_DIRECT_OBJC_ISA_USAGE = YES_ERROR;
				CLANG_WARN_DOCUMENTATION_COMMENTS = YES;
				CLANG_WARN_EMPTY_BODY = YES;
				CLANG_WARN_ENUM_CONVERSION = YES;
				CLANG_WARN_INFINITE_RECURSION = YES;
				CLANG_WARN_INT_CONVERSION = YES;
				CLANG_WARN_NON_LITERAL_NULL_CONVERSION = YES;
				CLANG_WARN_OBJC_IMPLICIT_RETAIN_SELF = YES;
				CLANG_WARN_OBJC_LITERAL_CONVERSION = YES;
				CLANG_WARN_OBJC_ROOT_CLASS = YES_ERROR;
				CLANG_WARN_RANGE_LOOP_ANALYSIS = YES;
				CLANG_WARN_STRICT_PROTOTYPES = YES;
				CLANG_WARN_SUSPICIOUS_MOVE = YES;
				CLANG_WARN_UNGUARDED_AVAILABILITY = YES_AGGRESSIVE;
				CLANG_WARN_UNREACHABLE_CODE = YES;
				CLANG_WARN__DUPLICATE_METHOD_MATCH = YES;
				COPY_PHASE_STRIP = NO;
				DEBUG_INFORMATION_FORMAT = dwarf;
				ENABLE_STRICT_OBJC_MSGSEND = YES;
				ENABLE_TESTABILITY = YES;
				GCC_C_LANGUAGE_STANDARD = gnu11;
				GCC_DYNAMIC_NO_PIC = NO;
				GCC_NO_COMMON_BLOCKS = YES;
				GCC_OPTIMIZATION_LEVEL = 0;
				GCC_PREPROCESSOR_DEFINITIONS = (
					"DEBUG=1",
					"$(inherited)",
				);
				GCC_WARN_64_TO_32_BIT_CONVERSION = YES;
				GCC_WARN_ABOUT_RETURN_TYPE = YES_ERROR;
				GCC_WARN_UNDECLARED_SELECTOR = YES;
				GCC_WARN_UNINITIALIZED_AUTOS = YES_AGGRESSIVE;
				GCC_WARN_UNUSED_FUNCTION = YES;
				GCC_WARN_UNUSED_VARIABLE = YES;
				IPHONEOS_DEPLOYMENT_TARGET = 13.0;
				MTL_ENABLE_DEBUG_INFO = INCLUDE_SOURCE;
				MTL_FAST_MATH = YES;
				ONLY_ACTIVE_ARCH = YES;
				SDKROOT = iphoneos;
				SWIFT_ACTIVE_COMPILATION_CONDITIONS = DEBUG;
				SWIFT_OPTIMIZATION_LEVEL = "-Onone";
			};
			name = Debug;
		};
		28D494192347246000CC7E75 /* Release */ = {
			isa = XCBuildConfiguration;
			buildSettings = {
				ALWAYS_SEARCH_USER_PATHS = NO;
				CLANG_ANALYZER_NONNULL = YES;
				CLANG_ANALYZER_NUMBER_OBJECT_CONVERSION = YES_AGGRESSIVE;
				CLANG_CXX_LANGUAGE_STANDARD = "gnu++14";
				CLANG_CXX_LIBRARY = "libc++";
				CLANG_ENABLE_MODULES = YES;
				CLANG_ENABLE_OBJC_ARC = YES;
				CLANG_ENABLE_OBJC_WEAK = YES;
				CLANG_WARN_BLOCK_CAPTURE_AUTORELEASING = YES;
				CLANG_WARN_BOOL_CONVERSION = YES;
				CLANG_WARN_COMMA = YES;
				CLANG_WARN_CONSTANT_CONVERSION = YES;
				CLANG_WARN_DEPRECATED_OBJC_IMPLEMENTATIONS = YES;
				CLANG_WARN_DIRECT_OBJC_ISA_USAGE = YES_ERROR;
				CLANG_WARN_DOCUMENTATION_COMMENTS = YES;
				CLANG_WARN_EMPTY_BODY = YES;
				CLANG_WARN_ENUM_CONVERSION = YES;
				CLANG_WARN_INFINITE_RECURSION = YES;
				CLANG_WARN_INT_CONVERSION = YES;
				CLANG_WARN_NON_LITERAL_NULL_CONVERSION = YES;
				CLANG_WARN_OBJC_IMPLICIT_RETAIN_SELF = YES;
				CLANG_WARN_OBJC_LITERAL_CONVERSION = YES;
				CLANG_WARN_OBJC_ROOT_CLASS = YES_ERROR;
				CLANG_WARN_RANGE_LOOP_ANALYSIS = YES;
				CLANG_WARN_STRICT_PROTOTYPES = YES;
				CLANG_WARN_SUSPICIOUS_MOVE = YES;
				CLANG_WARN_UNGUARDED_AVAILABILITY = YES_AGGRESSIVE;
				CLANG_WARN_UNREACHABLE_CODE = YES;
				CLANG_WARN__DUPLICATE_METHOD_MATCH = YES;
				COPY_PHASE_STRIP = NO;
				DEBUG_INFORMATION_FORMAT = "dwarf-with-dsym";
				ENABLE_NS_ASSERTIONS = NO;
				ENABLE_STRICT_OBJC_MSGSEND = YES;
				GCC_C_LANGUAGE_STANDARD = gnu11;
				GCC_NO_COMMON_BLOCKS = YES;
				GCC_WARN_64_TO_32_BIT_CONVERSION = YES;
				GCC_WARN_ABOUT_RETURN_TYPE = YES_ERROR;
				GCC_WARN_UNDECLARED_SELECTOR = YES;
				GCC_WARN_UNINITIALIZED_AUTOS = YES_AGGRESSIVE;
				GCC_WARN_UNUSED_FUNCTION = YES;
				GCC_WARN_UNUSED_VARIABLE = YES;
				IPHONEOS_DEPLOYMENT_TARGET = 13.0;
				MTL_ENABLE_DEBUG_INFO = NO;
				MTL_FAST_MATH = YES;
				SDKROOT = iphoneos;
				SWIFT_COMPILATION_MODE = wholemodule;
				SWIFT_OPTIMIZATION_LEVEL = "-O";
				VALIDATE_PRODUCT = YES;
			};
			name = Release;
		};
		28D4941B2347246000CC7E75 /* Debug */ = {
			isa = XCBuildConfiguration;
			buildSettings = {
				ASSETCATALOG_COMPILER_APPICON_NAME = AppIcon;
				CODE_SIGN_STYLE = Automatic;
				INFOPLIST_FILE = tippy/Info.plist;
				LD_RUNPATH_SEARCH_PATHS = (
					"$(inherited)",
					"@executable_path/Frameworks",
				);
				PRODUCT_BUNDLE_IDENTIFIER = com.codepath.tippy;
				PRODUCT_NAME = "Tip Calculator";
				SWIFT_VERSION = 5.0;
				TARGETED_DEVICE_FAMILY = "1,2";
			};
			name = Debug;
		};
		28D4941C2347246000CC7E75 /* Release */ = {
			isa = XCBuildConfiguration;
			buildSettings = {
				ASSETCATALOG_COMPILER_APPICON_NAME = AppIcon;
				CODE_SIGN_STYLE = Automatic;
				INFOPLIST_FILE = tippy/Info.plist;
				LD_RUNPATH_SEARCH_PATHS = (
					"$(inherited)",
					"@executable_path/Frameworks",
				);
				PRODUCT_BUNDLE_IDENTIFIER = com.codepath.tippy;
				PRODUCT_NAME = "Tip Calculator";
				SWIFT_VERSION = 5.0;
				TARGETED_DEVICE_FAMILY = "1,2";
			};
			name = Release;
		};
		28D4941E2347246000CC7E75 /* Debug */ = {
			isa = XCBuildConfiguration;
			buildSettings = {
				ALWAYS_EMBED_SWIFT_STANDARD_LIBRARIES = YES;
				BUNDLE_LOADER = "$(TEST_HOST)";
				CODE_SIGN_STYLE = Automatic;
				INFOPLIST_FILE = tippyTests/Info.plist;
				IPHONEOS_DEPLOYMENT_TARGET = 13.0;
				LD_RUNPATH_SEARCH_PATHS = (
					"$(inherited)",
					"@executable_path/Frameworks",
					"@loader_path/Frameworks",
				);
				PRODUCT_BUNDLE_IDENTIFIER = com.codepath.tippyTests;
				PRODUCT_NAME = "$(TARGET_NAME)";
				SWIFT_VERSION = 5.0;
				TARGETED_DEVICE_FAMILY = "1,2";
				TEST_HOST = "$(BUILT_PRODUCTS_DIR)/tippy.app/tippy";
			};
			name = Debug;
		};
		28D4941F2347246000CC7E75 /* Release */ = {
			isa = XCBuildConfiguration;
			buildSettings = {
				ALWAYS_EMBED_SWIFT_STANDARD_LIBRARIES = YES;
				BUNDLE_LOADER = "$(TEST_HOST)";
				CODE_SIGN_STYLE = Automatic;
				INFOPLIST_FILE = tippyTests/Info.plist;
				IPHONEOS_DEPLOYMENT_TARGET = 13.0;
				LD_RUNPATH_SEARCH_PATHS = (
					"$(inherited)",
					"@executable_path/Frameworks",
					"@loader_path/Frameworks",
				);
				PRODUCT_BUNDLE_IDENTIFIER = com.codepath.tippyTests;
				PRODUCT_NAME = "$(TARGET_NAME)";
				SWIFT_VERSION = 5.0;
				TARGETED_DEVICE_FAMILY = "1,2";
				TEST_HOST = "$(BUILT_PRODUCTS_DIR)/tippy.app/tippy";
			};
			name = Release;
		};
		28D494212347246000CC7E75 /* Debug */ = {
			isa = XCBuildConfiguration;
			buildSettings = {
				ALWAYS_EMBED_SWIFT_STANDARD_LIBRARIES = YES;
				CODE_SIGN_STYLE = Automatic;
				INFOPLIST_FILE = tippyUITests/Info.plist;
				LD_RUNPATH_SEARCH_PATHS = (
					"$(inherited)",
					"@executable_path/Frameworks",
					"@loader_path/Frameworks",
				);
				PRODUCT_BUNDLE_IDENTIFIER = com.codepath.tippyUITests;
				PRODUCT_NAME = "$(TARGET_NAME)";
				SWIFT_VERSION = 5.0;
				TARGETED_DEVICE_FAMILY = "1,2";
				TEST_TARGET_NAME = tippy;
			};
			name = Debug;
		};
		28D494222347246000CC7E75 /* Release */ = {
			isa = XCBuildConfiguration;
			buildSettings = {
				ALWAYS_EMBED_SWIFT_STANDARD_LIBRARIES = YES;
				CODE_SIGN_STYLE = Automatic;
				INFOPLIST_FILE = tippyUITests/Info.plist;
				LD_RUNPATH_SEARCH_PATHS = (
					"$(inherited)",
					"@executable_path/Frameworks",
					"@loader_path/Frameworks",
				);
				PRODUCT_BUNDLE_IDENTIFIER = com.codepath.tippyUITests;
				PRODUCT_NAME = "$(TARGET_NAME)";
				SWIFT_VERSION = 5.0;
				TARGETED_DEVICE_FAMILY = "1,2";
				TEST_TARGET_NAME = tippy;
			};
			name = Release;
		};
/* End XCBuildConfiguration section */

/* Begin XCConfigurationList section */
		28D493EB2347245D00CC7E75 /* Build configuration list for PBXProject "tippy" */ = {
			isa = XCConfigurationList;
			buildConfigurations = (
				28D494182347246000CC7E75 /* Debug */,
				28D494192347246000CC7E75 /* Release */,
			);
			defaultConfigurationIsVisible = 0;
			defaultConfigurationName = Release;
		};
		28D4941A2347246000CC7E75 /* Build configuration list for PBXNativeTarget "tippy" */ = {
			isa = XCConfigurationList;
			buildConfigurations = (
				28D4941B2347246000CC7E75 /* Debug */,
				28D4941C2347246000CC7E75 /* Release */,
			);
			defaultConfigurationIsVisible = 0;
			defaultConfigurationName = Release;
		};
		28D4941D2347246000CC7E75 /* Build configuration list for PBXNativeTarget "tippyTests" */ = {
			isa = XCConfigurationList;
			buildConfigurations = (
				28D4941E2347246000CC7E75 /* Debug */,
				28D4941F2347246000CC7E75 /* Release */,
			);
			defaultConfigurationIsVisible = 0;
			defaultConfigurationName = Release;
		};
		28D494202347246000CC7E75 /* Build configuration list for PBXNativeTarget "tippyUITests" */ = {
			isa = XCConfigurationList;
			buildConfigurations = (
				28D494212347246000CC7E75 /* Debug */,
				28D494222347246000CC7E75 /* Release */,
			);
			defaultConfigurationIsVisible = 0;
			defaultConfigurationName = Release;
		};
/* End XCConfigurationList section */
	};
	rootObject = 28D493E82347245D00CC7E75 /* Project object */;
}
